
Microsoft Visual Studio Solution File, Format Version 12.00
# Visual Studio Version 17
VisualStudioVersion = 17.1.32328.378
MinimumVisualStudioVersion = 10.0.40219.1
Project("{FAE04EC0-301F-11D3-BF4B-00C04F79EFBC}") = "Medium", "Medium.csproj", "{DBB84F25-29AB-409D-8877-0E52F4CA4429}"
EndProject
Global
	GlobalSection(SolutionConfigurationPlatforms) = preSolution
		Debug|Any CPU = Debug|Any CPU
		Release|Any CPU = Release|Any CPU
	EndGlobalSection
	GlobalSection(ProjectConfigurationPlatforms) = postSolution
		{DBB84F25-29AB-409D-8877-0E52F4CA4429}.Debug|Any CPU.ActiveCfg = Debug|Any CPU
		{DBB84F25-29AB-409D-8877-0E52F4CA4429}.Debug|Any CPU.Build.0 = Debug|Any CPU
		{DBB84F25-29AB-409D-8877-0E52F4CA4429}.Release|Any CPU.ActiveCfg = Release|Any CPU
		{DBB84F25-29AB-409D-8877-0E52F4CA4429}.Release|Any CPU.Build.0 = Release|Any CPU
	EndGlobalSection
	GlobalSection(SolutionProperties) = preSolution
		HideSolutionNode = FALSE
	EndGlobalSection
	GlobalSection(ExtensibilityGlobals) = postSolution
		SolutionGuid = {72096EEC-B52E-4469-AF5C-878ACBBFCBB1}
	EndGlobalSection
EndGlobal
